<Solution>
  <Project Path="Sharply.Api/Sharply.Api.csproj" />
  <Project Path="Sharply.Application/Sharply.Application.csproj" />
  <Project Path="Sharply.Domain/Sharply.Domain.csproj" />
  <Project Path="Sharply.Infrastructure/Sharply.Infrastructure.csproj" />
  <Project Path="Sharply.Web.csproj" />
</Solution>
